// !$*UTF8*$!
{
	archiveVersion = 1;
	classes = {
	};
	objectVersion = 56;
	objects = {

/* Begin PBXBuildFile section */
		99348C47295E210200D2FAD1 /* MapAppSwiftUIApp.swift in Sources */ = {isa = PBXBuildFile; fileRef = 99348C46295E210200D2FAD1 /* MapAppSwiftUIApp.swift */; };
		99348C4E295E210400D2FAD1 /* Preview Assets.xcassets in Resources */ = {isa = PBXBuildFile; fileRef = 99348C4D295E210400D2FAD1 /* Preview Assets.xcassets */; };
		99348C58295E210400D2FAD1 /* MapAppSwiftUITests.swift in Sources */ = {isa = PBXBuildFile; fileRef = 99348C57295E210400D2FAD1 /* MapAppSwiftUITests.swift */; };
		99348C62295E210400D2FAD1 /* MapAppSwiftUIUITests.swift in Sources */ = {isa = PBXBuildFile; fileRef = 99348C61295E210400D2FAD1 /* MapAppSwiftUIUITests.swift */; };
		99348C64295E210400D2FAD1 /* MapAppSwiftUIUITestsLaunchTests.swift in Sources */ = {isa = PBXBuildFile; fileRef = 99348C63295E210400D2FAD1 /* MapAppSwiftUIUITestsLaunchTests.swift */; };
		9947355029687931004FB044 /* LocationPreviewView.swift in Sources */ = {isa = PBXBuildFile; fileRef = 9947354F29687931004FB044 /* LocationPreviewView.swift */; };
		9947355229695945004FB044 /* LocationMapAnnotationView.swift in Sources */ = {isa = PBXBuildFile; fileRef = 9947355129695945004FB044 /* LocationMapAnnotationView.swift */; };
		999DA3B429671B29001C0024 /* LocationsListView.swift in Sources */ = {isa = PBXBuildFile; fileRef = 999DA3B329671B29001C0024 /* LocationsListView.swift */; };
		99A0709D296606F900B423B7 /* Assets.xcassets in Resources */ = {isa = PBXBuildFile; fileRef = 99A0709C296606F800B423B7 /* Assets.xcassets */; };
		99A070A22966083E00B423B7 /* Location.swift in Sources */ = {isa = PBXBuildFile; fileRef = 99A070A12966083E00B423B7 /* Location.swift */; };
		99A070A52966091100B423B7 /* LocationsDataService.swift in Sources */ = {isa = PBXBuildFile; fileRef = 99A070A42966091100B423B7 /* LocationsDataService.swift */; };
		99A070A729660B1700B423B7 /* LocationsView.swift in Sources */ = {isa = PBXBuildFile; fileRef = 99A070A629660B1700B423B7 /* LocationsView.swift */; };
		99A070A92966138400B423B7 /* LocationViewModel.swift in Sources */ = {isa = PBXBuildFile; fileRef = 99A070A82966138400B423B7 /* LocationViewModel.swift */; };
/* End PBXBuildFile section */

/* Begin PBXContainerItemProxy section */
		99348C54295E210400D2FAD1 /* PBXContainerItemProxy */ = {
			isa = PBXContainerItemProxy;
			containerPortal = 99348C3B295E210100D2FAD1 /* Project object */;
			proxyType = 1;
			remoteGlobalIDString = 99348C42295E210200D2FAD1;
			remoteInfo = MapAppSwiftUI;
		};
		99348C5E295E210400D2FAD1 /* PBXContainerItemProxy */ = {
			isa = PBXContainerItemProxy;
			containerPortal = 99348C3B295E210100D2FAD1 /* Project object */;
			proxyType = 1;
			remoteGlobalIDString = 99348C42295E210200D2FAD1;
			remoteInfo = MapAppSwiftUI;
		};
/* End PBXContainerItemProxy section */

/* Begin PBXFileReference section */
		99348C43295E210200D2FAD1 /* MapAppSwiftUI.app */ = {isa = PBXFileReference; explicitFileType = wrapper.application; includeInIndex = 0; path = MapAppSwiftUI.app; sourceTree = BUILT_PRODUCTS_DIR; };
		99348C46295E210200D2FAD1 /* MapAppSwiftUIApp.swift */ = {isa = PBXFileReference; lastKnownFileType = sourcecode.swift; path = MapAppSwiftUIApp.swift; sourceTree = "<group>"; };
		99348C4D295E210400D2FAD1 /* Preview Assets.xcassets */ = {isa = PBXFileReference; lastKnownFileType = folder.assetcatalog; path = "Preview Assets.xcassets"; sourceTree = "<group>"; };
		99348C53295E210400D2FAD1 /* MapAppSwiftUITests.xctest */ = {isa = PBXFileReference; explicitFileType = wrapper.cfbundle; includeInIndex = 0; path = MapAppSwiftUITests.xctest; sourceTree = BUILT_PRODUCTS_DIR; };
		99348C57295E210400D2FAD1 /* MapAppSwiftUITests.swift */ = {isa = PBXFileReference; lastKnownFileType = sourcecode.swift; path = MapAppSwiftUITests.swift; sourceTree = "<group>"; };
		99348C5D295E210400D2FAD1 /* MapAppSwiftUIUITests.xctest */ = {isa = PBXFileReference; explicitFileType = wrapper.cfbundle; includeInIndex = 0; path = MapAppSwiftUIUITests.xctest; sourceTree = BUILT_PRODUCTS_DIR; };
		99348C61295E210400D2FAD1 /* MapAppSwiftUIUITests.swift */ = {isa = PBXFileReference; lastKnownFileType = sourcecode.swift; path = MapAppSwiftUIUITests.swift; sourceTree = "<group>"; };
		99348C63295E210400D2FAD1 /* MapAppSwiftUIUITestsLaunchTests.swift */ = {isa = PBXFileReference; lastKnownFileType = sourcecode.swift; path = MapAppSwiftUIUITestsLaunchTests.swift; sourceTree = "<group>"; };
		9947354F29687931004FB044 /* LocationPreviewView.swift */ = {isa = PBXFileReference; lastKnownFileType = sourcecode.swift; path = LocationPreviewView.swift; sourceTree = "<group>"; };
		9947355129695945004FB044 /* LocationMapAnnotationView.swift */ = {isa = PBXFileReference; lastKnownFileType = sourcecode.swift; path = LocationMapAnnotationView.swift; sourceTree = "<group>"; };
		999DA3B329671B29001C0024 /* LocationsListView.swift */ = {isa = PBXFileReference; lastKnownFileType = sourcecode.swift; path = LocationsListView.swift; sourceTree = "<group>"; };
		99A0709C296606F800B423B7 /* Assets.xcassets */ = {isa = PBXFileReference; lastKnownFileType = folder.assetcatalog; path = Assets.xcassets; sourceTree = "<group>"; };
		99A070A12966083E00B423B7 /* Location.swift */ = {isa = PBXFileReference; lastKnownFileType = sourcecode.swift; path = Location.swift; sourceTree = "<group>"; };
		99A070A42966091100B423B7 /* LocationsDataService.swift */ = {isa = PBXFileReference; fileEncoding = 4; lastKnownFileType = sourcecode.swift; path = LocationsDataService.swift; sourceTree = "<group>"; };
		99A070A629660B1700B423B7 /* LocationsView.swift */ = {isa = PBXFileReference; lastKnownFileType = sourcecode.swift; path = LocationsView.swift; sourceTree = "<group>"; };
		99A070A82966138400B423B7 /* LocationViewModel.swift */ = {isa = PBXFileReference; lastKnownFileType = sourcecode.swift; path = LocationViewModel.swift; sourceTree = "<group>"; };
/* End PBXFileReference section */

/* Begin PBXFrameworksBuildPhase section */
		99348C40295E210200D2FAD1 /* Frameworks */ = {
			isa = PBXFrameworksBuildPhase;
			buildActionMask = 2147483647;
			files = (
			);
			runOnlyForDeploymentPostprocessing = 0;
		};
		99348C50295E210400D2FAD1 /* Frameworks */ = {
			isa = PBXFrameworksBuildPhase;
			buildActionMask = 2147483647;
			files = (
			);
			runOnlyForDeploymentPostprocessing = 0;
		};
		99348C5A295E210400D2FAD1 /* Frameworks */ = {
			isa = PBXFrameworksBuildPhase;
			buildActionMask = 2147483647;
			files = (
			);
			runOnlyForDeploymentPostprocessing = 0;
		};
/* End PBXFrameworksBuildPhase section */

/* Begin PBXGroup section */
		99348C3A295E210100D2FAD1 = {
			isa = PBXGroup;
			children = (
				99348C45295E210200D2FAD1 /* MapAppSwiftUI */,
				99348C56295E210400D2FAD1 /* MapAppSwiftUITests */,
				99348C60295E210400D2FAD1 /* MapAppSwiftUIUITests */,
				99348C44295E210200D2FAD1 /* Products */,
			);
			sourceTree = "<group>";
		};
		99348C44295E210200D2FAD1 /* Products */ = {
			isa = PBXGroup;
			children = (
				99348C43295E210200D2FAD1 /* MapAppSwiftUI.app */,
				99348C53295E210400D2FAD1 /* MapAppSwiftUITests.xctest */,
				99348C5D295E210400D2FAD1 /* MapAppSwiftUIUITests.xctest */,
			);
			name = Products;
			sourceTree = "<group>";
		};
		99348C45295E210200D2FAD1 /* MapAppSwiftUI */ = {
			isa = PBXGroup;
			children = (
				99348C46295E210200D2FAD1 /* MapAppSwiftUIApp.swift */,
				99A070A3296608CC00B423B7 /* DataServices */,
				99A070A02966080800B423B7 /* ViewModels */,
				99A0709F296607FA00B423B7 /* Views */,
				99A0709E296607E700B423B7 /* Models */,
				99A0709C296606F800B423B7 /* Assets.xcassets */,
				99348C4C295E210400D2FAD1 /* Preview Content */,
			);
			path = MapAppSwiftUI;
			sourceTree = "<group>";
		};
		99348C4C295E210400D2FAD1 /* Preview Content */ = {
			isa = PBXGroup;
			children = (
				99348C4D295E210400D2FAD1 /* Preview Assets.xcassets */,
			);
			path = "Preview Content";
			sourceTree = "<group>";
		};
		99348C56295E210400D2FAD1 /* MapAppSwiftUITests */ = {
			isa = PBXGroup;
			children = (
				99348C57295E210400D2FAD1 /* MapAppSwiftUITests.swift */,
			);
			path = MapAppSwiftUITests;
			sourceTree = "<group>";
		};
		99348C60295E210400D2FAD1 /* MapAppSwiftUIUITests */ = {
			isa = PBXGroup;
			children = (
				99348C61295E210400D2FAD1 /* MapAppSwiftUIUITests.swift */,
				99348C63295E210400D2FAD1 /* MapAppSwiftUIUITestsLaunchTests.swift */,
			);
			path = MapAppSwiftUIUITests;
			sourceTree = "<group>";
		};
		99A0709E296607E700B423B7 /* Models */ = {
			isa = PBXGroup;
			children = (
				99A070A12966083E00B423B7 /* Location.swift */,
			);
			path = Models;
			sourceTree = "<group>";
		};
		99A0709F296607FA00B423B7 /* Views */ = {
			isa = PBXGroup;
			children = (
				99A070A629660B1700B423B7 /* LocationsView.swift */,
				999DA3B329671B29001C0024 /* LocationsListView.swift */,
				9947354F29687931004FB044 /* LocationPreviewView.swift */,
				9947355129695945004FB044 /* LocationMapAnnotationView.swift */,
			);
			path = Views;
			sourceTree = "<group>";
		};
		99A070A02966080800B423B7 /* ViewModels */ = {
			isa = PBXGroup;
			children = (
				99A070A82966138400B423B7 /* LocationViewModel.swift */,
			);
			path = ViewModels;
			sourceTree = "<group>";
		};
		99A070A3296608CC00B423B7 /* DataServices */ = {
			isa = PBXGroup;
			children = (
				99A070A42966091100B423B7 /* LocationsDataService.swift */,
			);
			path = DataServices;
			sourceTree = "<group>";
		};
/* End PBXGroup section */

/* Begin PBXNativeTarget section */
		99348C42295E210200D2FAD1 /* MapAppSwiftUI */ = {
			isa = PBXNativeTarget;
			buildConfigurationList = 99348C67295E210400D2FAD1 /* Build configuration list for PBXNativeTarget "MapAppSwiftUI" */;
			buildPhases = (
				99348C3F295E210200D2FAD1 /* Sources */,
				99348C40295E210200D2FAD1 /* Frameworks */,
				99348C41295E210200D2FAD1 /* Resources */,
			);
			buildRules = (
			);
			dependencies = (
			);
			name = MapAppSwiftUI;
			productName = MapAppSwiftUI;
			productReference = 99348C43295E210200D2FAD1 /* MapAppSwiftUI.app */;
			productType = "com.apple.product-type.application";
		};
		99348C52295E210400D2FAD1 /* MapAppSwiftUITests */ = {
			isa = PBXNativeTarget;
			buildConfigurationList = 99348C6A295E210400D2FAD1 /* Build configuration list for PBXNativeTarget "MapAppSwiftUITests" */;
			buildPhases = (
				99348C4F295E210400D2FAD1 /* Sources */,
				99348C50295E210400D2FAD1 /* Frameworks */,
				99348C51295E210400D2FAD1 /* Resources */,
			);
			buildRules = (
			);
			dependencies = (
				99348C55295E210400D2FAD1 /* PBXTargetDependency */,
			);
			name = MapAppSwiftUITests;
			productName = MapAppSwiftUITests;
			productReference = 99348C53295E210400D2FAD1 /* MapAppSwiftUITests.xctest */;
			productType = "com.apple.product-type.bundle.unit-test";
		};
		99348C5C295E210400D2FAD1 /* MapAppSwiftUIUITests */ = {
			isa = PBXNativeTarget;
			buildConfigurationList = 99348C6D295E210400D2FAD1 /* Build configuration list for PBXNativeTarget "MapAppSwiftUIUITests" */;
			buildPhases = (
				99348C59295E210400D2FAD1 /* Sources */,
				99348C5A295E210400D2FAD1 /* Frameworks */,
				99348C5B295E210400D2FAD1 /* Resources */,
			);
			buildRules = (
			);
			dependencies = (
				99348C5F295E210400D2FAD1 /* PBXTargetDependency */,
			);
			name = MapAppSwiftUIUITests;
			productName = MapAppSwiftUIUITests;
			productReference = 99348C5D295E210400D2FAD1 /* MapAppSwiftUIUITests.xctest */;
			productType = "com.apple.product-type.bundle.ui-testing";
		};
/* End PBXNativeTarget section */

/* Begin PBXProject section */
		99348C3B295E210100D2FAD1 /* Project object */ = {
			isa = PBXProject;
			attributes = {
				BuildIndependentTargetsInParallel = 1;
				LastSwiftUpdateCheck = 1410;
				LastUpgradeCheck = 1410;
				TargetAttributes = {
					99348C42295E210200D2FAD1 = {
						CreatedOnToolsVersion = 14.1;
					};
					99348C52295E210400D2FAD1 = {
						CreatedOnToolsVersion = 14.1;
						TestTargetID = 99348C42295E210200D2FAD1;
					};
					99348C5C295E210400D2FAD1 = {
						CreatedOnToolsVersion = 14.1;
						TestTargetID = 99348C42295E210200D2FAD1;
					};
				};
			};
			buildConfigurationList = 99348C3E295E210100D2FAD1 /* Build configuration list for PBXProject "MapAppSwiftUI" */;
			compatibilityVersion = "Xcode 14.0";
			developmentRegion = en;
			hasScannedForEncodings = 0;
			knownRegions = (
				en,
				Base,
			);
			mainGroup = 99348C3A295E210100D2FAD1;
			productRefGroup = 99348C44295E210200D2FAD1 /* Products */;
			projectDirPath = "";
			projectRoot = "";
			targets = (
				99348C42295E210200D2FAD1 /* MapAppSwiftUI */,
				99348C52295E210400D2FAD1 /* MapAppSwiftUITests */,
				99348C5C295E210400D2FAD1 /* MapAppSwiftUIUITests */,
			);
		};
/* End PBXProject section */

/* Begin PBXResourcesBuildPhase section */
		99348C41295E210200D2FAD1 /* Resources */ = {
			isa = PBXResourcesBuildPhase;
			buildActionMask = 2147483647;
			files = (
				99A0709D296606F900B423B7 /* Assets.xcassets in Resources */,
				99348C4E295E210400D2FAD1 /* Preview Assets.xcassets in Resources */,
			);
			runOnlyForDeploymentPostprocessing = 0;
		};
		99348C51295E210400D2FAD1 /* Resources */ = {
			isa = PBXResourcesBuildPhase;
			buildActionMask = 2147483647;
			files = (
			);
			runOnlyForDeploymentPostprocessing = 0;
		};
		99348C5B295E210400D2FAD1 /* Resources */ = {
			isa = PBXResourcesBuildPhase;
			buildActionMask = 2147483647;
			files = (
			);
			runOnlyForDeploymentPostprocessing = 0;
		};
/* End PBXResourcesBuildPhase section */

/* Begin PBXSourcesBuildPhase section */
		99348C3F295E210200D2FAD1 /* Sources */ = {
			isa = PBXSourcesBuildPhase;
			buildActionMask = 2147483647;
			files = (
				99A070A52966091100B423B7 /* LocationsDataService.swift in Sources */,
				99A070A729660B1700B423B7 /* LocationsView.swift in Sources */,
				99A070A22966083E00B423B7 /* Location.swift in Sources */,
				999DA3B429671B29001C0024 /* LocationsListView.swift in Sources */,
				9947355029687931004FB044 /* LocationPreviewView.swift in Sources */,
				99A070A92966138400B423B7 /* LocationViewModel.swift in Sources */,
				99348C47295E210200D2FAD1 /* MapAppSwiftUIApp.swift in Sources */,
				9947355229695945004FB044 /* LocationMapAnnotationView.swift in Sources */,
			);
			runOnlyForDeploymentPostprocessing = 0;
		};
		99348C4F295E210400D2FAD1 /* Sources */ = {
			isa = PBXSourcesBuildPhase;
			buildActionMask = 2147483647;
			files = (
				99348C58295E210400D2FAD1 /* MapAppSwiftUITests.swift in Sources */,
			);
			runOnlyForDeploymentPostprocessing = 0;
		};
		99348C59295E210400D2FAD1 /* Sources */ = {
			isa = PBXSourcesBuildPhase;
			buildActionMask = 2147483647;
			files = (
				99348C62295E210400D2FAD1 /* MapAppSwiftUIUITests.swift in Sources */,
				99348C64295E210400D2FAD1 /* MapAppSwiftUIUITestsLaunchTests.swift in Sources */,
			);
			runOnlyForDeploymentPostprocessing = 0;
		};
/* End PBXSourcesBuildPhase section */

/* Begin PBXTargetDependency section */
		99348C55295E210400D2FAD1 /* PBXTargetDependency */ = {
			isa = PBXTargetDependency;
			target = 99348C42295E210200D2FAD1 /* MapAppSwiftUI */;
			targetProxy = 99348C54295E210400D2FAD1 /* PBXContainerItemProxy */;
		};
		99348C5F295E210400D2FAD1 /* PBXTargetDependency */ = {
			isa = PBXTargetDependency;
			target = 99348C42295E210200D2FAD1 /* MapAppSwiftUI */;
			targetProxy = 99348C5E295E210400D2FAD1 /* PBXContainerItemProxy */;
		};
/* End PBXTargetDependency section */

/* Begin XCBuildConfiguration section */
		99348C65295E210400D2FAD1 /* Debug */ = {
			isa = XCBuildConfiguration;
			buildSettings = {
				ALWAYS_SEARCH_USER_PATHS = NO;
				CLANG_ANALYZER_NONNULL = YES;
				CLANG_ANALYZER_NUMBER_OBJECT_CONVERSION = YES_AGGRESSIVE;
				CLANG_CXX_LANGUAGE_STANDARD = "gnu++20";
				CLANG_ENABLE_MODULES = YES;
				CLANG_ENABLE_OBJC_ARC = YES;
				CLANG_ENABLE_OBJC_WEAK = YES;
				CLANG_WARN_BLOCK_CAPTURE_AUTORELEASING = YES;
				CLANG_WARN_BOOL_CONVERSION = YES;
				CLANG_WARN_COMMA = YES;
				CLANG_WARN_CONSTANT_CONVERSION = YES;
				CLANG_WARN_DEPRECATED_OBJC_IMPLEMENTATIONS = YES;
				CLANG_WARN_DIRECT_OBJC_ISA_USAGE = YES_ERROR;
				CLANG_WARN_DOCUMENTATION_COMMENTS = YES;
				CLANG_WARN_EMPTY_BODY = YES;
				CLANG_WARN_ENUM_CONVERSION = YES;
				CLANG_WARN_INFINITE_RECURSION = YES;
				CLANG_WARN_INT_CONVERSION = YES;
				CLANG_WARN_NON_LITERAL_NULL_CONVERSION = YES;
				CLANG_WARN_OBJC_IMPLICIT_RETAIN_SELF = YES;
				CLANG_WARN_OBJC_LITERAL_CONVERSION = YES;
				CLANG_WARN_OBJC_ROOT_CLASS = YES_ERROR;
				CLANG_WARN_QUOTED_INCLUDE_IN_FRAMEWORK_HEADER = YES;
				CLANG_WARN_RANGE_LOOP_ANALYSIS = YES;
				CLANG_WARN_STRICT_PROTOTYPES = YES;
				CLANG_WARN_SUSPICIOUS_MOVE = YES;
				CLANG_WARN_UNGUARDED_AVAILABILITY = YES_AGGRESSIVE;
				CLANG_WARN_UNREACHABLE_CODE = YES;
				CLANG_WARN__DUPLICATE_METHOD_MATCH = YES;
				COPY_PHASE_STRIP = NO;
				DEBUG_INFORMATION_FORMAT = dwarf;
				ENABLE_STRICT_OBJC_MSGSEND = YES;
				ENABLE_TESTABILITY = YES;
				GCC_C_LANGUAGE_STANDARD = gnu11;
				GCC_DYNAMIC_NO_PIC = NO;
				GCC_NO_COMMON_BLOCKS = YES;
				GCC_OPTIMIZATION_LEVEL = 0;
				GCC_PREPROCESSOR_DEFINITIONS = (
					"DEBUG=1",
					"$(inherited)",
				);
				GCC_WARN_64_TO_32_BIT_CONVERSION = YES;
				GCC_WARN_ABOUT_RETURN_TYPE = YES_ERROR;
				GCC_WARN_UNDECLARED_SELECTOR = YES;
				GCC_WARN_UNINITIALIZED_AUTOS = YES_AGGRESSIVE;
				GCC_WARN_UNUSED_FUNCTION = YES;
				GCC_WARN_UNUSED_VARIABLE = YES;
				IPHONEOS_DEPLOYMENT_TARGET = 16.1;
				MTL_ENABLE_DEBUG_INFO = INCLUDE_SOURCE;
				MTL_FAST_MATH = YES;
				ONLY_ACTIVE_ARCH = YES;
				SDKROOT = iphoneos;
				SWIFT_ACTIVE_COMPILATION_CONDITIONS = DEBUG;
				SWIFT_OPTIMIZATION_LEVEL = "-Onone";
			};
			name = Debug;
		};
		99348C66295E210400D2FAD1 /* Release */ = {
			isa = XCBuildConfiguration;
			buildSettings = {
				ALWAYS_SEARCH_USER_PATHS = NO;
				CLANG_ANALYZER_NONNULL = YES;
				CLANG_ANALYZER_NUMBER_OBJECT_CONVERSION = YES_AGGRESSIVE;
				CLANG_CXX_LANGUAGE_STANDARD = "gnu++20";
				CLANG_ENABLE_MODULES = YES;
				CLANG_ENABLE_OBJC_ARC = YES;
				CLANG_ENABLE_OBJC_WEAK = YES;
				CLANG_WARN_BLOCK_CAPTURE_AUTORELEASING = YES;
				CLANG_WARN_BOOL_CONVERSION = YES;
				CLANG_WARN_COMMA = YES;
				CLANG_WARN_CONSTANT_CONVERSION = YES;
				CLANG_WARN_DEPRECATED_OBJC_IMPLEMENTATIONS = YES;
				CLANG_WARN_DIRECT_OBJC_ISA_USAGE = YES_ERROR;
				CLANG_WARN_DOCUMENTATION_COMMENTS = YES;
				CLANG_WARN_EMPTY_BODY = YES;
				CLANG_WARN_ENUM_CONVERSION = YES;
				CLANG_WARN_INFINITE_RECURSION = YES;
				CLANG_WARN_INT_CONVERSION = YES;
				CLANG_WARN_NON_LITERAL_NULL_CONVERSION = YES;
				CLANG_WARN_OBJC_IMPLICIT_RETAIN_SELF = YES;
				CLANG_WARN_OBJC_LITERAL_CONVERSION = YES;
				CLANG_WARN_OBJC_ROOT_CLASS = YES_ERROR;
				CLANG_WARN_QUOTED_INCLUDE_IN_FRAMEWORK_HEADER = YES;
				CLANG_WARN_RANGE_LOOP_ANALYSIS = YES;
				CLANG_WARN_STRICT_PROTOTYPES = YES;
				CLANG_WARN_SUSPICIOUS_MOVE = YES;
				CLANG_WARN_UNGUARDED_AVAILABILITY = YES_AGGRESSIVE;
				CLANG_WARN_UNREACHABLE_CODE = YES;
				CLANG_WARN__DUPLICATE_METHOD_MATCH = YES;
				COPY_PHASE_STRIP = NO;
				DEBUG_INFORMATION_FORMAT = "dwarf-with-dsym";
				ENABLE_NS_ASSERTIONS = NO;
				ENABLE_STRICT_OBJC_MSGSEND = YES;
				GCC_C_LANGUAGE_STANDARD = gnu11;
				GCC_NO_COMMON_BLOCKS = YES;
				GCC_WARN_64_TO_32_BIT_CONVERSION = YES;
				GCC_WARN_ABOUT_RETURN_TYPE = YES_ERROR;
				GCC_WARN_UNDECLARED_SELECTOR = YES;
				GCC_WARN_UNINITIALIZED_AUTOS = YES_AGGRESSIVE;
				GCC_WARN_UNUSED_FUNCTION = YES;
				GCC_WARN_UNUSED_VARIABLE = YES;
				IPHONEOS_DEPLOYMENT_TARGET = 16.1;
				MTL_ENABLE_DEBUG_INFO = NO;
				MTL_FAST_MATH = YES;
				SDKROOT = iphoneos;
				SWIFT_COMPILATION_MODE = wholemodule;
				SWIFT_OPTIMIZATION_LEVEL = "-O";
				VALIDATE_PRODUCT = YES;
			};
			name = Release;
		};
		99348C68295E210400D2FAD1 /* Debug */ = {
			isa = XCBuildConfiguration;
			buildSettings = {
				ASSETCATALOG_COMPILER_APPICON_NAME = AppIcon;
				ASSETCATALOG_COMPILER_GLOBAL_ACCENT_COLOR_NAME = AccentColor;
				CODE_SIGN_STYLE = Automatic;
				CURRENT_PROJECT_VERSION = 1;
				DEVELOPMENT_ASSET_PATHS = "\"MapAppSwiftUI/Preview Content\"";
				DEVELOPMENT_TEAM = AWNHW9BPZ5;
				ENABLE_PREVIEWS = YES;
				GENERATE_INFOPLIST_FILE = YES;
				INFOPLIST_KEY_UIApplicationSceneManifest_Generation = YES;
				INFOPLIST_KEY_UIApplicationSupportsIndirectInputEvents = YES;
				INFOPLIST_KEY_UILaunchScreen_Generation = YES;
				INFOPLIST_KEY_UISupportedInterfaceOrientations_iPad = "UIInterfaceOrientationPortrait UIInterfaceOrientationPortraitUpsideDown UIInterfaceOrientationLandscapeLeft UIInterfaceOrientationLandscapeRight";
				INFOPLIST_KEY_UISupportedInterfaceOrientations_iPhone = "UIInterfaceOrientationPortrait UIInterfaceOrientationLandscapeLeft UIInterfaceOrientationLandscapeRight";
				LD_RUNPATH_SEARCH_PATHS = (
					"$(inherited)",
					"@executable_path/Frameworks",
				);
				MARKETING_VERSION = 1.0;
				PRODUCT_BUNDLE_IDENTIFIER = amg.MapAppSwiftUI;
				PRODUCT_NAME = "$(TARGET_NAME)";
				SWIFT_EMIT_LOC_STRINGS = YES;
				SWIFT_VERSION = 5.0;
				TARGETED_DEVICE_FAMILY = "1,2";
			};
			name = Debug;
		};
		99348C69295E210400D2FAD1 /* Release */ = {
			isa = XCBuildConfiguration;
			buildSettings = {
				ASSETCATALOG_COMPILER_APPICON_NAME = AppIcon;
				ASSETCATALOG_COMPILER_GLOBAL_ACCENT_COLOR_NAME = AccentColor;
				CODE_SIGN_STYLE = Automatic;
				CURRENT_PROJECT_VERSION = 1;
				DEVELOPMENT_ASSET_PATHS = "\"MapAppSwiftUI/Preview Content\"";
				DEVELOPMENT_TEAM = AWNHW9BPZ5;
				ENABLE_PREVIEWS = YES;
				GENERATE_INFOPLIST_FILE = YES;
				INFOPLIST_KEY_UIApplicationSceneManifest_Generation = YES;
				INFOPLIST_KEY_UIApplicationSupportsIndirectInputEvents = YES;
				INFOPLIST_KEY_UILaunchScreen_Generation = YES;
				INFOPLIST_KEY_UISupportedInterfaceOrientations_iPad = "UIInterfaceOrientationPortrait UIInterfaceOrientationPortraitUpsideDown UIInterfaceOrientationLandscapeLeft UIInterfaceOrientationLandscapeRight";
				INFOPLIST_KEY_UISupportedInterfaceOrientations_iPhone = "UIInterfaceOrientationPortrait UIInterfaceOrientationLandscapeLeft UIInterfaceOrientationLandscapeRight";
				LD_RUNPATH_SEARCH_PATHS = (
					"$(inherited)",
					"@executable_path/Frameworks",
				);
				MARKETING_VERSION = 1.0;
				PRODUCT_BUNDLE_IDENTIFIER = amg.MapAppSwiftUI;
				PRODUCT_NAME = "$(TARGET_NAME)";
				SWIFT_EMIT_LOC_STRINGS = YES;
				SWIFT_VERSION = 5.0;
				TARGETED_DEVICE_FAMILY = "1,2";
			};
			name = Release;
		};
		99348C6B295E210400D2FAD1 /* Debug */ = {
			isa = XCBuildConfiguration;
			buildSettings = {
				ALWAYS_EMBED_SWIFT_STANDARD_LIBRARIES = YES;
				BUNDLE_LOADER = "$(TEST_HOST)";
				CODE_SIGN_STYLE = Automatic;
				CURRENT_PROJECT_VERSION = 1;
				DEVELOPMENT_TEAM = AWNHW9BPZ5;
				GENERATE_INFOPLIST_FILE = YES;
				IPHONEOS_DEPLOYMENT_TARGET = 16.1;
				MARKETING_VERSION = 1.0;
				PRODUCT_BUNDLE_IDENTIFIER = amg.MapAppSwiftUITests;
				PRODUCT_NAME = "$(TARGET_NAME)";
				SWIFT_EMIT_LOC_STRINGS = NO;
				SWIFT_VERSION = 5.0;
				TARGETED_DEVICE_FAMILY = "1,2";
				TEST_HOST = "$(BUILT_PRODUCTS_DIR)/MapAppSwiftUI.app/$(BUNDLE_EXECUTABLE_FOLDER_PATH)/MapAppSwiftUI";
			};
			name = Debug;
		};
		99348C6C295E210400D2FAD1 /* Release */ = {
			isa = XCBuildConfiguration;
			buildSettings = {
				ALWAYS_EMBED_SWIFT_STANDARD_LIBRARIES = YES;
				BUNDLE_LOADER = "$(TEST_HOST)";
				CODE_SIGN_STYLE = Automatic;
				CURRENT_PROJECT_VERSION = 1;
				DEVELOPMENT_TEAM = AWNHW9BPZ5;
				GENERATE_INFOPLIST_FILE = YES;
				IPHONEOS_DEPLOYMENT_TARGET = 16.1;
				MARKETING_VERSION = 1.0;
				PRODUCT_BUNDLE_IDENTIFIER = amg.MapAppSwiftUITests;
				PRODUCT_NAME = "$(TARGET_NAME)";
				SWIFT_EMIT_LOC_STRINGS = NO;
				SWIFT_VERSION = 5.0;
				TARGETED_DEVICE_FAMILY = "1,2";
				TEST_HOST = "$(BUILT_PRODUCTS_DIR)/MapAppSwiftUI.app/$(BUNDLE_EXECUTABLE_FOLDER_PATH)/MapAppSwiftUI";
			};
			name = Release;
		};
		99348C6E295E210400D2FAD1 /* Debug */ = {
			isa = XCBuildConfiguration;
			buildSettings = {
				ALWAYS_EMBED_SWIFT_STANDARD_LIBRARIES = YES;
				CODE_SIGN_STYLE = Automatic;
				CURRENT_PROJECT_VERSION = 1;
				DEVELOPMENT_TEAM = AWNHW9BPZ5;
				GENERATE_INFOPLIST_FILE = YES;
				MARKETING_VERSION = 1.0;
				PRODUCT_BUNDLE_IDENTIFIER = amg.MapAppSwiftUIUITests;
				PRODUCT_NAME = "$(TARGET_NAME)";
				SWIFT_EMIT_LOC_STRINGS = NO;
				SWIFT_VERSION = 5.0;
				TARGETED_DEVICE_FAMILY = "1,2";
				TEST_TARGET_NAME = MapAppSwiftUI;
			};
			name = Debug;
		};
		99348C6F295E210400D2FAD1 /* Release */ = {
			isa = XCBuildConfiguration;
			buildSettings = {
				ALWAYS_EMBED_SWIFT_STANDARD_LIBRARIES = YES;
				CODE_SIGN_STYLE = Automatic;
				CURRENT_PROJECT_VERSION = 1;
				DEVELOPMENT_TEAM = AWNHW9BPZ5;
				GENERATE_INFOPLIST_FILE = YES;
				MARKETING_VERSION = 1.0;
				PRODUCT_BUNDLE_IDENTIFIER = amg.MapAppSwiftUIUITests;
				PRODUCT_NAME = "$(TARGET_NAME)";
				SWIFT_EMIT_LOC_STRINGS = NO;
				SWIFT_VERSION = 5.0;
				TARGETED_DEVICE_FAMILY = "1,2";
				TEST_TARGET_NAME = MapAppSwiftUI;
			};
			name = Release;
		};
/* End XCBuildConfiguration section */

/* Begin XCConfigurationList section */
		99348C3E295E210100D2FAD1 /* Build configuration list for PBXProject "MapAppSwiftUI" */ = {
			isa = XCConfigurationList;
			buildConfigurations = (
				99348C65295E210400D2FAD1 /* Debug */,
				99348C66295E210400D2FAD1 /* Release */,
			);
			defaultConfigurationIsVisible = 0;
			defaultConfigurationName = Release;
		};
		99348C67295E210400D2FAD1 /* Build configuration list for PBXNativeTarget "MapAppSwiftUI" */ = {
			isa = XCConfigurationList;
			buildConfigurations = (
				99348C68295E210400D2FAD1 /* Debug */,
				99348C69295E210400D2FAD1 /* Release */,
			);
			defaultConfigurationIsVisible = 0;
			defaultConfigurationName = Release;
		};
		99348C6A295E210400D2FAD1 /* Build configuration list for PBXNativeTarget "MapAppSwiftUITests" */ = {
			isa = XCConfigurationList;
			buildConfigurations = (
				99348C6B295E210400D2FAD1 /* Debug */,
				99348C6C295E210400D2FAD1 /* Release */,
			);
			defaultConfigurationIsVisible = 0;
			defaultConfigurationName = Release;
		};
		99348C6D295E210400D2FAD1 /* Build configuration list for PBXNativeTarget "MapAppSwiftUIUITests" */ = {
			isa = XCConfigurationList;
			buildConfigurations = (
				99348C6E295E210400D2FAD1 /* Debug */,
				99348C6F295E210400D2FAD1 /* Release */,
			);
			defaultConfigurationIsVisible = 0;
			defaultConfigurationName = Release;
		};
/* End XCConfigurationList section */
	};
	rootObject = 99348C3B295E210100D2FAD1 /* Project object */;
}
